
Microsoft Visual Studio Solution File, Format Version 12.00
# Visual Studio 15
VisualStudioVersion = 15.0.28010.2016
MinimumVisualStudioVersion = 10.0.40219.1
Project("{9A19103F-16F7-4668-BE54-9A1E7A4F7556}") = "DiffieHellmanExchange", "DiffieHellmanExchange\DiffieHellmanExchange.csproj", "{ED7B9AB9-1A6F-40F4-ACB2-97617A157CF2}"
EndProject
Project("{FAE04EC0-301F-11D3-BF4B-00C04F79EFBC}") = "DiffieHellmanExchange.Client", "DiffieHellmanExchange.Client\DiffieHellmanExchange.Client.csproj", "{43FF4801-6E3A-481E-8B2A-185F1E700264}"
EndProject
Project("{FAE04EC0-301F-11D3-BF4B-00C04F79EFBC}") = "DiffieHellmanExchange.Shared", "DiffieHellmanExchange.Shared\DiffieHellmanExchange.Shared.csproj", "{02E294C8-6A32-40C5-A690-65B42282C08D}"
EndProject
Global
	GlobalSection(SolutionConfigurationPlatforms) = preSolution
		Debug|Any CPU = Debug|Any CPU
		Release|Any CPU = Release|Any CPU
	EndGlobalSection
	GlobalSection(ProjectConfigurationPlatforms) = postSolution
		{ED7B9AB9-1A6F-40F4-ACB2-97617A157CF2}.Debug|Any CPU.ActiveCfg = Debug|Any CPU
		{ED7B9AB9-1A6F-40F4-ACB2-97617A157CF2}.Debug|Any CPU.Build.0 = Debug|Any CPU
		{ED7B9AB9-1A6F-40F4-ACB2-97617A157CF2}.Release|Any CPU.ActiveCfg = Release|Any CPU
		{ED7B9AB9-1A6F-40F4-ACB2-97617A157CF2}.Release|Any CPU.Build.0 = Release|Any CPU
		{43FF4801-6E3A-481E-8B2A-185F1E700264}.Debug|Any CPU.ActiveCfg = Debug|Any CPU
		{43FF4801-6E3A-481E-8B2A-185F1E700264}.Debug|Any CPU.Build.0 = Debug|Any CPU
		{43FF4801-6E3A-481E-8B2A-185F1E700264}.Release|Any CPU.ActiveCfg = Release|Any CPU
		{43FF4801-6E3A-481E-8B2A-185F1E700264}.Release|Any CPU.Build.0 = Release|Any CPU
		{02E294C8-6A32-40C5-A690-65B42282C08D}.Debug|Any CPU.ActiveCfg = Debug|Any CPU
		{02E294C8-6A32-40C5-A690-65B42282C08D}.Debug|Any CPU.Build.0 = Debug|Any CPU
		{02E294C8-6A32-40C5-A690-65B42282C08D}.Release|Any CPU.ActiveCfg = Release|Any CPU
		{02E294C8-6A32-40C5-A690-65B42282C08D}.Release|Any CPU.Build.0 = Release|Any CPU
	EndGlobalSection
	GlobalSection(SolutionProperties) = preSolution
		HideSolutionNode = FALSE
	EndGlobalSection
	GlobalSection(ExtensibilityGlobals) = postSolution
		SolutionGuid = {0E65D5EC-4926-4ECA-A926-56D83A46D0F8}
	EndGlobalSection
EndGlobal
